
Microsoft Visual Studio Solution File, Format Version 12.00
# Visual Studio Version 17
VisualStudioVersion = 17.5.002.0
MinimumVisualStudioVersion = 10.0.40219.1
Project("{2150E333-8FDC-42A3-9474-1A3956D46DE8}") = "SOLID", "SOLID", "{6A27ADD9-BBF6-40F0-BC58-4A6B8F6A3BFE}"
EndProject
Project("{9A19103F-16F7-4668-BE54-9A1E7A4F7556}") = "SingleResposibility", "SOLID\SingleResposibility\SingleResposibility.csproj", "{24312C4B-295C-48AB-BB4D-0300FB0E07C7}"
EndProject
Global
	GlobalSection(SolutionConfigurationPlatforms) = preSolution
		Debug|Any CPU = Debug|Any CPU
		Release|Any CPU = Release|Any CPU
	EndGlobalSection
	GlobalSection(ProjectConfigurationPlatforms) = postSolution
		{24312C4B-295C-48AB-BB4D-0300FB0E07C7}.Debug|Any CPU.ActiveCfg = Debug|Any CPU
		{24312C4B-295C-48AB-BB4D-0300FB0E07C7}.Debug|Any CPU.Build.0 = Debug|Any CPU
		{24312C4B-295C-48AB-BB4D-0300FB0E07C7}.Release|Any CPU.ActiveCfg = Release|Any CPU
		{24312C4B-295C-48AB-BB4D-0300FB0E07C7}.Release|Any CPU.Build.0 = Release|Any CPU
	EndGlobalSection
	GlobalSection(SolutionProperties) = preSolution
		HideSolutionNode = FALSE
	EndGlobalSection
	GlobalSection(NestedProjects) = preSolution
		{24312C4B-295C-48AB-BB4D-0300FB0E07C7} = {6A27ADD9-BBF6-40F0-BC58-4A6B8F6A3BFE}
	EndGlobalSection
	GlobalSection(ExtensibilityGlobals) = postSolution
		SolutionGuid = {5094328E-1948-4B29-9D84-8D93F32384DB}
	EndGlobalSection
EndGlobal
