
Microsoft Visual Studio Solution File, Format Version 12.00
# Visual Studio Version 17
VisualStudioVersion = 17.0.31903.59
MinimumVisualStudioVersion = 10.0.40219.1
Project("{FAE04EC0-301F-11D3-BF4B-00C04F79EFBC}") = "DIV", "DIV\DIV.csproj", "{AA9187E8-70C5-4CEB-B42F-AD79DA085EBE}"
EndProject
Project("{FAE04EC0-301F-11D3-BF4B-00C04F79EFBC}") = "ISP", "ISP\ISP.csproj", "{A8DB1B68-1EA9-4020-A2C4-86DAA7DEE5E2}"
EndProject
Project("{FAE04EC0-301F-11D3-BF4B-00C04F79EFBC}") = "Liskov", "Liskov\Liskov.csproj", "{B5EB53D5-0469-4E7A-ABBE-64D02988D0A8}"
EndProject
Project("{FAE04EC0-301F-11D3-BF4B-00C04F79EFBC}") = "Open-closed", "Open-closed\Open-closed.csproj", "{A51EE438-74CF-4869-9F3B-D226844BD4DE}"
EndProject
Project("{FAE04EC0-301F-11D3-BF4B-00C04F79EFBC}") = "Single_responsibility", "SingleResposibility\Single_responsibility.csproj", "{7270AB99-2B07-4749-A537-9F08BF492CF1}"
EndProject
Project("{2150E333-8FDC-42A3-9474-1A3956D46DE8}") = "solution-examples", "solution-examples", "{C795C80D-1398-4122-AAF2-B67150D36427}"
EndProject
Project("{FAE04EC0-301F-11D3-BF4B-00C04F79EFBC}") = "SRP", "solution-examples\SRP\SRP.csproj", "{3BD45C7E-C0E5-4EE7-82D1-DFC69E88CDF7}"
EndProject
Project("{FAE04EC0-301F-11D3-BF4B-00C04F79EFBC}") = "OCP", "solution-examples\OCP\OCP.csproj", "{DEF2D5F4-7F95-432F-8018-0FB70CB90C54}"
EndProject
Project("{FAE04EC0-301F-11D3-BF4B-00C04F79EFBC}") = "Liskov-sol", "solution-examples\Liskov-sol\Liskov-sol.csproj", "{5FFBAD22-292A-4217-A2E1-67C93D7BB627}"
EndProject
Project("{FAE04EC0-301F-11D3-BF4B-00C04F79EFBC}") = "ISP-sol", "solution-examples\ISP-sol\ISP-sol.csproj", "{F5BD5762-6B22-4417-B006-7994C84ADA28}"
EndProject
Project("{FAE04EC0-301F-11D3-BF4B-00C04F79EFBC}") = "DIV-sol", "solution-examples\DIV-sol\DIV-sol.csproj", "{11C02F1B-F041-477D-BDB2-644B4BAD237F}"
EndProject
Global
	GlobalSection(SolutionConfigurationPlatforms) = preSolution
		Debug|Any CPU = Debug|Any CPU
		Release|Any CPU = Release|Any CPU
	EndGlobalSection
	GlobalSection(SolutionProperties) = preSolution
		HideSolutionNode = FALSE
	EndGlobalSection
	GlobalSection(ProjectConfigurationPlatforms) = postSolution
		{AA9187E8-70C5-4CEB-B42F-AD79DA085EBE}.Debug|Any CPU.ActiveCfg = Debug|Any CPU
		{AA9187E8-70C5-4CEB-B42F-AD79DA085EBE}.Debug|Any CPU.Build.0 = Debug|Any CPU
		{AA9187E8-70C5-4CEB-B42F-AD79DA085EBE}.Release|Any CPU.ActiveCfg = Release|Any CPU
		{AA9187E8-70C5-4CEB-B42F-AD79DA085EBE}.Release|Any CPU.Build.0 = Release|Any CPU
		{A8DB1B68-1EA9-4020-A2C4-86DAA7DEE5E2}.Debug|Any CPU.ActiveCfg = Debug|Any CPU
		{A8DB1B68-1EA9-4020-A2C4-86DAA7DEE5E2}.Debug|Any CPU.Build.0 = Debug|Any CPU
		{A8DB1B68-1EA9-4020-A2C4-86DAA7DEE5E2}.Release|Any CPU.ActiveCfg = Release|Any CPU
		{A8DB1B68-1EA9-4020-A2C4-86DAA7DEE5E2}.Release|Any CPU.Build.0 = Release|Any CPU
		{B5EB53D5-0469-4E7A-ABBE-64D02988D0A8}.Debug|Any CPU.ActiveCfg = Debug|Any CPU
		{B5EB53D5-0469-4E7A-ABBE-64D02988D0A8}.Debug|Any CPU.Build.0 = Debug|Any CPU
		{B5EB53D5-0469-4E7A-ABBE-64D02988D0A8}.Release|Any CPU.ActiveCfg = Release|Any CPU
		{B5EB53D5-0469-4E7A-ABBE-64D02988D0A8}.Release|Any CPU.Build.0 = Release|Any CPU
		{A51EE438-74CF-4869-9F3B-D226844BD4DE}.Debug|Any CPU.ActiveCfg = Debug|Any CPU
		{A51EE438-74CF-4869-9F3B-D226844BD4DE}.Debug|Any CPU.Build.0 = Debug|Any CPU
		{A51EE438-74CF-4869-9F3B-D226844BD4DE}.Release|Any CPU.ActiveCfg = Release|Any CPU
		{A51EE438-74CF-4869-9F3B-D226844BD4DE}.Release|Any CPU.Build.0 = Release|Any CPU
		{7270AB99-2B07-4749-A537-9F08BF492CF1}.Debug|Any CPU.ActiveCfg = Debug|Any CPU
		{7270AB99-2B07-4749-A537-9F08BF492CF1}.Debug|Any CPU.Build.0 = Debug|Any CPU
		{7270AB99-2B07-4749-A537-9F08BF492CF1}.Release|Any CPU.ActiveCfg = Release|Any CPU
		{7270AB99-2B07-4749-A537-9F08BF492CF1}.Release|Any CPU.Build.0 = Release|Any CPU
		{3BD45C7E-C0E5-4EE7-82D1-DFC69E88CDF7}.Debug|Any CPU.ActiveCfg = Debug|Any CPU
		{3BD45C7E-C0E5-4EE7-82D1-DFC69E88CDF7}.Debug|Any CPU.Build.0 = Debug|Any CPU
		{3BD45C7E-C0E5-4EE7-82D1-DFC69E88CDF7}.Release|Any CPU.ActiveCfg = Release|Any CPU
		{3BD45C7E-C0E5-4EE7-82D1-DFC69E88CDF7}.Release|Any CPU.Build.0 = Release|Any CPU
		{DEF2D5F4-7F95-432F-8018-0FB70CB90C54}.Debug|Any CPU.ActiveCfg = Debug|Any CPU
		{DEF2D5F4-7F95-432F-8018-0FB70CB90C54}.Debug|Any CPU.Build.0 = Debug|Any CPU
		{DEF2D5F4-7F95-432F-8018-0FB70CB90C54}.Release|Any CPU.ActiveCfg = Release|Any CPU
		{DEF2D5F4-7F95-432F-8018-0FB70CB90C54}.Release|Any CPU.Build.0 = Release|Any CPU
		{5FFBAD22-292A-4217-A2E1-67C93D7BB627}.Debug|Any CPU.ActiveCfg = Debug|Any CPU
		{5FFBAD22-292A-4217-A2E1-67C93D7BB627}.Debug|Any CPU.Build.0 = Debug|Any CPU
		{5FFBAD22-292A-4217-A2E1-67C93D7BB627}.Release|Any CPU.ActiveCfg = Release|Any CPU
		{5FFBAD22-292A-4217-A2E1-67C93D7BB627}.Release|Any CPU.Build.0 = Release|Any CPU
		{F5BD5762-6B22-4417-B006-7994C84ADA28}.Debug|Any CPU.ActiveCfg = Debug|Any CPU
		{F5BD5762-6B22-4417-B006-7994C84ADA28}.Debug|Any CPU.Build.0 = Debug|Any CPU
		{F5BD5762-6B22-4417-B006-7994C84ADA28}.Release|Any CPU.ActiveCfg = Release|Any CPU
		{F5BD5762-6B22-4417-B006-7994C84ADA28}.Release|Any CPU.Build.0 = Release|Any CPU
		{11C02F1B-F041-477D-BDB2-644B4BAD237F}.Debug|Any CPU.ActiveCfg = Debug|Any CPU
		{11C02F1B-F041-477D-BDB2-644B4BAD237F}.Debug|Any CPU.Build.0 = Debug|Any CPU
		{11C02F1B-F041-477D-BDB2-644B4BAD237F}.Release|Any CPU.ActiveCfg = Release|Any CPU
		{11C02F1B-F041-477D-BDB2-644B4BAD237F}.Release|Any CPU.Build.0 = Release|Any CPU
	EndGlobalSection
	GlobalSection(NestedProjects) = preSolution
		{3BD45C7E-C0E5-4EE7-82D1-DFC69E88CDF7} = {C795C80D-1398-4122-AAF2-B67150D36427}
		{DEF2D5F4-7F95-432F-8018-0FB70CB90C54} = {C795C80D-1398-4122-AAF2-B67150D36427}
		{5FFBAD22-292A-4217-A2E1-67C93D7BB627} = {C795C80D-1398-4122-AAF2-B67150D36427}
		{F5BD5762-6B22-4417-B006-7994C84ADA28} = {C795C80D-1398-4122-AAF2-B67150D36427}
		{11C02F1B-F041-477D-BDB2-644B4BAD237F} = {C795C80D-1398-4122-AAF2-B67150D36427}
	EndGlobalSection
EndGlobal
